{
    "requires": true,
    "lockfileVersion": 1,
    "dependencies": {
        "sweetalert2": {
            "version": "9.10.13",
            "resolved": "https://registry.npmjs.org/sweetalert2/-/sweetalert2-9.10.13.tgz",
            "integrity": "sha512-JiZtO9SQdnS/Uvlqw5MlWpGpYVqH/eBQi7u61+Oxba7ZA4vfX0tSdyzQsiMk56HTUw8Nk8IvNPvfbt3WR3FOsQ=="
        }
    }
}
